
Microsoft Visual Studio Solution File, Format Version 12.00
# Visual Studio 15
VisualStudioVersion = 15.0.28010.2046
MinimumVisualStudioVersion = 10.0.40219.1
Project("{FAE04EC0-301F-11D3-BF4B-00C04F79EFBC}") = "RegistrationForm", "RegistrationForm\RegistrationForm.csproj", "{F34645A2-EABB-49C8-97D5-60B0A1B46657}"
EndProject
Global
	GlobalSection(SolutionConfigurationPlatforms) = preSolution
		Debug|Any CPU = Debug|Any CPU
		Release|Any CPU = Release|Any CPU
	EndGlobalSection
	GlobalSection(ProjectConfigurationPlatforms) = postSolution
		{F34645A2-EABB-49C8-97D5-60B0A1B46657}.Debug|Any CPU.ActiveCfg = Debug|Any CPU
		{F34645A2-EABB-49C8-97D5-60B0A1B46657}.Debug|Any CPU.Build.0 = Debug|Any CPU
		{F34645A2-EABB-49C8-97D5-60B0A1B46657}.Release|Any CPU.ActiveCfg = Release|Any CPU
		{F34645A2-EABB-49C8-97D5-60B0A1B46657}.Release|Any CPU.Build.0 = Release|Any CPU
	EndGlobalSection
	GlobalSection(SolutionProperties) = preSolution
		HideSolutionNode = FALSE
	EndGlobalSection
	GlobalSection(ExtensibilityGlobals) = postSolution
		SolutionGuid = {1A926F6D-0239-447A-ABB8-BAAF4CDC2910}
	EndGlobalSection
EndGlobal
